Microsoft Visual Studio Solution File, Format Version 12.00
# Visual Studio 2012
Project("{FAE04EC0-301F-11D3-BF4B-00C04F79EFBC}") = "Jame Gam #28", "Jame Gam #28.csproj", "{EFD233B3-5C12-4C41-8779-9DC7D0A25445}"
EndProject
Global
	GlobalSection(SolutionConfigurationPlatforms) = preSolution
	Debug|Any CPU = Debug|Any CPU
	ExportDebug|Any CPU = ExportDebug|Any CPU
	ExportRelease|Any CPU = ExportRelease|Any CPU
	EndGlobalSection
	GlobalSection(ProjectConfigurationPlatforms) = postSolution
		{EFD233B3-5C12-4C41-8779-9DC7D0A25445}.Debug|Any CPU.ActiveCfg = Debug|Any CPU
		{EFD233B3-5C12-4C41-8779-9DC7D0A25445}.Debug|Any CPU.Build.0 = Debug|Any CPU
		{EFD233B3-5C12-4C41-8779-9DC7D0A25445}.ExportDebug|Any CPU.ActiveCfg = ExportDebug|Any CPU
		{EFD233B3-5C12-4C41-8779-9DC7D0A25445}.ExportDebug|Any CPU.Build.0 = ExportDebug|Any CPU
		{EFD233B3-5C12-4C41-8779-9DC7D0A25445}.ExportRelease|Any CPU.ActiveCfg = ExportRelease|Any CPU
		{EFD233B3-5C12-4C41-8779-9DC7D0A25445}.ExportRelease|Any CPU.Build.0 = ExportRelease|Any CPU
	EndGlobalSection
EndGlobal
